
Microsoft Visual Studio Solution File, Format Version 12.00
# Visual Studio 15
Project("{FAE04EC0-301F-11D3-BF4B-00C04F79EFBC}") = "DataAcces", "DataAcces\DataAcces.csproj", "{D300F880-26AC-44B5-B620-1AD97B5B06B3}"
EndProject
Project("{FAE04EC0-301F-11D3-BF4B-00C04F79EFBC}") = "Domain", "Domain\Domain.csproj", "{2FA1E81D-4896-409E-8274-AF9E985A237E}"
EndProject
Project("{FAE04EC0-301F-11D3-BF4B-00C04F79EFBC}") = "Entities", "Entities\Entities.csproj", "{FA359621-ACC5-485D-AC81-451B1CD48EA7}"
EndProject
Global
	GlobalSection(SolutionConfigurationPlatforms) = preSolution
		Debug|Any CPU = Debug|Any CPU
		Release|Any CPU = Release|Any CPU
	EndGlobalSection
	GlobalSection(ProjectConfigurationPlatforms) = postSolution
		{D300F880-26AC-44B5-B620-1AD97B5B06B3}.Debug|Any CPU.ActiveCfg = Debug|Any CPU
		{D300F880-26AC-44B5-B620-1AD97B5B06B3}.Debug|Any CPU.Build.0 = Debug|Any CPU
		{D300F880-26AC-44B5-B620-1AD97B5B06B3}.Release|Any CPU.ActiveCfg = Release|Any CPU
		{D300F880-26AC-44B5-B620-1AD97B5B06B3}.Release|Any CPU.Build.0 = Release|Any CPU
		{2FA1E81D-4896-409E-8274-AF9E985A237E}.Debug|Any CPU.ActiveCfg = Debug|Any CPU
		{2FA1E81D-4896-409E-8274-AF9E985A237E}.Debug|Any CPU.Build.0 = Debug|Any CPU
		{2FA1E81D-4896-409E-8274-AF9E985A237E}.Release|Any CPU.ActiveCfg = Release|Any CPU
		{2FA1E81D-4896-409E-8274-AF9E985A237E}.Release|Any CPU.Build.0 = Release|Any CPU
		{FA359621-ACC5-485D-AC81-451B1CD48EA7}.Debug|Any CPU.ActiveCfg = Debug|Any CPU
		{FA359621-ACC5-485D-AC81-451B1CD48EA7}.Debug|Any CPU.Build.0 = Debug|Any CPU
		{FA359621-ACC5-485D-AC81-451B1CD48EA7}.Release|Any CPU.ActiveCfg = Release|Any CPU
		{FA359621-ACC5-485D-AC81-451B1CD48EA7}.Release|Any CPU.Build.0 = Release|Any CPU
	EndGlobalSection
EndGlobal
